// !$*UTF8*$!
{
	archiveVersion = 1;
	classes = {
	};
	objectVersion = 46;
	objects = {

/* Begin PBXBuildFile section */
		8E17DB0E1DCE6C1A002C906E /* AnimationsViewController.swift in Sources */ = {isa = PBXBuildFile; fileRef = 8E17DB0D1DCE6C1A002C906E /* AnimationsViewController.swift */; };
		8E17DB101DCE6C27002C906E /* WordTableViewController.swift in Sources */ = {isa = PBXBuildFile; fileRef = 8E17DB0F1DCE6C27002C906E /* WordTableViewController.swift */; };
		8E17DB121DCE866C002C906E /* Word.swift in Sources */ = {isa = PBXBuildFile; fileRef = 8E17DB111DCE866C002C906E /* Word.swift */; };
		8E17DB141DCE87C3002C906E /* WordCell.swift in Sources */ = {isa = PBXBuildFile; fileRef = 8E17DB131DCE87C3002C906E /* WordCell.swift */; };
		8E17DB161DCE8842002C906E /* WordManager.swift in Sources */ = {isa = PBXBuildFile; fileRef = 8E17DB151DCE8842002C906E /* WordManager.swift */; };
		8E67C5F91DCFD8F300672C7A /* Localizable.strings in Resources */ = {isa = PBXBuildFile; fileRef = 8E67C5FB1DCFD8F300672C7A /* Localizable.strings */; };
		8ED988891DCEEECC00EFCAA4 /* DrawingViewController.swift in Sources */ = {isa = PBXBuildFile; fileRef = 8ED988881DCEEECC00EFCAA4 /* DrawingViewController.swift */; };
		8ED9888B1DCF006A00EFCAA4 /* KanjiCharacter.swift in Sources */ = {isa = PBXBuildFile; fileRef = 8ED9888A1DCF006A00EFCAA4 /* KanjiCharacter.swift */; };
		8ED9888D1DCF00C700EFCAA4 /* KanjiHelper.swift in Sources */ = {isa = PBXBuildFile; fileRef = 8ED9888C1DCF00C700EFCAA4 /* KanjiHelper.swift */; };
		8EE073A81DCE3121006F5A3C /* AppDelegate.swift in Sources */ = {isa = PBXBuildFile; fileRef = 8EE073A71DCE3121006F5A3C /* AppDelegate.swift */; };
		8EE073AD1DCE3121006F5A3C /* Main.storyboard in Resources */ = {isa = PBXBuildFile; fileRef = 8EE073AB1DCE3121006F5A3C /* Main.storyboard */; };
		8EE073AF1DCE3121006F5A3C /* Assets.xcassets in Resources */ = {isa = PBXBuildFile; fileRef = 8EE073AE1DCE3121006F5A3C /* Assets.xcassets */; };
		8EE073B21DCE3121006F5A3C /* LaunchScreen.storyboard in Resources */ = {isa = PBXBuildFile; fileRef = 8EE073B01DCE3121006F5A3C /* LaunchScreen.storyboard */; };
		8EE073BD1DCE3121006F5A3C /* Project01Tests.swift in Sources */ = {isa = PBXBuildFile; fileRef = 8EE073BC1DCE3121006F5A3C /* Project01Tests.swift */; };
		8EE073C81DCE3121006F5A3C /* Project01UITests.swift in Sources */ = {isa = PBXBuildFile; fileRef = 8EE073C71DCE3121006F5A3C /* Project01UITests.swift */; };
/* End PBXBuildFile section */

/* Begin PBXContainerItemProxy section */
		8EE073B91DCE3121006F5A3C /* PBXContainerItemProxy */ = {
			isa = PBXContainerItemProxy;
			containerPortal = 8EE0739C1DCE3121006F5A3C /* Project object */;
			proxyType = 1;
			remoteGlobalIDString = 8EE073A31DCE3121006F5A3C;
			remoteInfo = Project01;
		};
		8EE073C41DCE3121006F5A3C /* PBXContainerItemProxy */ = {
			isa = PBXContainerItemProxy;
			containerPortal = 8EE0739C1DCE3121006F5A3C /* Project object */;
			proxyType = 1;
			remoteGlobalIDString = 8EE073A31DCE3121006F5A3C;
			remoteInfo = Project01;
		};
/* End PBXContainerItemProxy section */

/* Begin PBXFileReference section */
		8E17DB0D1DCE6C1A002C906E /* AnimationsViewController.swift */ = {isa = PBXFileReference; fileEncoding = 4; lastKnownFileType = sourcecode.swift; path = AnimationsViewController.swift; sourceTree = "<group>"; };
		8E17DB0F1DCE6C27002C906E /* WordTableViewController.swift */ = {isa = PBXFileReference; fileEncoding = 4; lastKnownFileType = sourcecode.swift; path = WordTableViewController.swift; sourceTree = "<group>"; };
		8E17DB111DCE866C002C906E /* Word.swift */ = {isa = PBXFileReference; fileEncoding = 4; lastKnownFileType = sourcecode.swift; path = Word.swift; sourceTree = "<group>"; };
		8E17DB131DCE87C3002C906E /* WordCell.swift */ = {isa = PBXFileReference; fileEncoding = 4; lastKnownFileType = sourcecode.swift; path = WordCell.swift; sourceTree = "<group>"; };
		8E17DB151DCE8842002C906E /* WordManager.swift */ = {isa = PBXFileReference; fileEncoding = 4; lastKnownFileType = sourcecode.swift; path = WordManager.swift; sourceTree = "<group>"; };
		8E67C5F51DCFD4CA00672C7A /* fr */ = {isa = PBXFileReference; lastKnownFileType = text.plist.strings; name = fr; path = fr.lproj/Main.strings; sourceTree = "<group>"; };
		8E67C5F61DCFD4CA00672C7A /* fr */ = {isa = PBXFileReference; lastKnownFileType = text.plist.strings; name = fr; path = fr.lproj/LaunchScreen.strings; sourceTree = "<group>"; };
		8E67C5FA1DCFD8F300672C7A /* Base */ = {isa = PBXFileReference; lastKnownFileType = text.plist.strings; name = Base; path = Base.lproj/Localizable.strings; sourceTree = "<group>"; };
		8E67C5FC1DCFD8F400672C7A /* en */ = {isa = PBXFileReference; lastKnownFileType = text.plist.strings; name = en; path = en.lproj/Localizable.strings; sourceTree = "<group>"; };
		8E67C5FD1DCFD8F500672C7A /* fr */ = {isa = PBXFileReference; lastKnownFileType = text.plist.strings; name = fr; path = fr.lproj/Localizable.strings; sourceTree = "<group>"; };
		8ED988881DCEEECC00EFCAA4 /* DrawingViewController.swift */ = {isa = PBXFileReference; fileEncoding = 4; lastKnownFileType = sourcecode.swift; path = DrawingViewController.swift; sourceTree = "<group>"; };
		8ED9888A1DCF006A00EFCAA4 /* KanjiCharacter.swift */ = {isa = PBXFileReference; fileEncoding = 4; lastKnownFileType = sourcecode.swift; path = KanjiCharacter.swift; sourceTree = "<group>"; };
		8ED9888C1DCF00C700EFCAA4 /* KanjiHelper.swift */ = {isa = PBXFileReference; fileEncoding = 4; lastKnownFileType = sourcecode.swift; path = KanjiHelper.swift; sourceTree = "<group>"; };
		8EE073A41DCE3121006F5A3C /* kage.app */ = {isa = PBXFileReference; explicitFileType = wrapper.application; includeInIndex = 0; path = kage.app; sourceTree = BUILT_PRODUCTS_DIR; };
		8EE073A71DCE3121006F5A3C /* AppDelegate.swift */ = {isa = PBXFileReference; lastKnownFileType = sourcecode.swift; path = AppDelegate.swift; sourceTree = "<group>"; };
		8EE073AC1DCE3121006F5A3C /* Base */ = {isa = PBXFileReference; lastKnownFileType = file.storyboard; name = Base; path = Base.lproj/Main.storyboard; sourceTree = "<group>"; };
		8EE073AE1DCE3121006F5A3C /* Assets.xcassets */ = {isa = PBXFileReference; lastKnownFileType = folder.assetcatalog; path = Assets.xcassets; sourceTree = "<group>"; };
		8EE073B11DCE3121006F5A3C /* Base */ = {isa = PBXFileReference; lastKnownFileType = file.storyboard; name = Base; path = Base.lproj/LaunchScreen.storyboard; sourceTree = "<group>"; };
		8EE073B31DCE3121006F5A3C /* Info.plist */ = {isa = PBXFileReference; lastKnownFileType = text.plist.xml; path = Info.plist; sourceTree = "<group>"; };
		8EE073B81DCE3121006F5A3C /* kageTests.xctest */ = {isa = PBXFileReference; explicitFileType = wrapper.cfbundle; includeInIndex = 0; path = kageTests.xctest; sourceTree = BUILT_PRODUCTS_DIR; };
		8EE073BC1DCE3121006F5A3C /* Project01Tests.swift */ = {isa = PBXFileReference; lastKnownFileType = sourcecode.swift; path = Project01Tests.swift; sourceTree = "<group>"; };
		8EE073BE1DCE3121006F5A3C /* Info.plist */ = {isa = PBXFileReference; lastKnownFileType = text.plist.xml; path = Info.plist; sourceTree = "<group>"; };
		8EE073C31DCE3121006F5A3C /* kageUITests.xctest */ = {isa = PBXFileReference; explicitFileType = wrapper.cfbundle; includeInIndex = 0; path = kageUITests.xctest; sourceTree = BUILT_PRODUCTS_DIR; };
		8EE073C71DCE3121006F5A3C /* Project01UITests.swift */ = {isa = PBXFileReference; lastKnownFileType = sourcecode.swift; path = Project01UITests.swift; sourceTree = "<group>"; };
		8EE073C91DCE3121006F5A3C /* Info.plist */ = {isa = PBXFileReference; lastKnownFileType = text.plist.xml; path = Info.plist; sourceTree = "<group>"; };
/* End PBXFileReference section */

/* Begin PBXFrameworksBuildPhase section */
		8EE073A11DCE3121006F5A3C /* Frameworks */ = {
			isa = PBXFrameworksBuildPhase;
			buildActionMask = 2147483647;
			files = (
			);
			runOnlyForDeploymentPostprocessing = 0;
		};
		8EE073B51DCE3121006F5A3C /* Frameworks */ = {
			isa = PBXFrameworksBuildPhase;
			buildActionMask = 2147483647;
			files = (
			);
			runOnlyForDeploymentPostprocessing = 0;
		};
		8EE073C01DCE3121006F5A3C /* Frameworks */ = {
			isa = PBXFrameworksBuildPhase;
			buildActionMask = 2147483647;
			files = (
			);
			runOnlyForDeploymentPostprocessing = 0;
		};
/* End PBXFrameworksBuildPhase section */

/* Begin PBXGroup section */
		8EE0739B1DCE3121006F5A3C = {
			isa = PBXGroup;
			children = (
				8E67C5FB1DCFD8F300672C7A /* Localizable.strings */,
				8EE073A61DCE3121006F5A3C /* Project01 */,
				8EE073BB1DCE3121006F5A3C /* Project01Tests */,
				8EE073C61DCE3121006F5A3C /* Project01UITests */,
				8EE073A51DCE3121006F5A3C /* Products */,
			);
			sourceTree = "<group>";
		};
		8EE073A51DCE3121006F5A3C /* Products */ = {
			isa = PBXGroup;
			children = (
				8EE073A41DCE3121006F5A3C /* kage.app */,
				8EE073B81DCE3121006F5A3C /* kageTests.xctest */,
				8EE073C31DCE3121006F5A3C /* kageUITests.xctest */,
			);
			name = Products;
			sourceTree = "<group>";
		};
		8EE073A61DCE3121006F5A3C /* Project01 */ = {
			isa = PBXGroup;
			children = (
				8E17DB0D1DCE6C1A002C906E /* AnimationsViewController.swift */,
				8E17DB111DCE866C002C906E /* Word.swift */,
				8E17DB151DCE8842002C906E /* WordManager.swift */,
				8E17DB0F1DCE6C27002C906E /* WordTableViewController.swift */,
				8ED9888A1DCF006A00EFCAA4 /* KanjiCharacter.swift */,
				8ED9888C1DCF00C700EFCAA4 /* KanjiHelper.swift */,
				8ED988881DCEEECC00EFCAA4 /* DrawingViewController.swift */,
				8EE073A71DCE3121006F5A3C /* AppDelegate.swift */,
				8EE073AB1DCE3121006F5A3C /* Main.storyboard */,
				8E17DB131DCE87C3002C906E /* WordCell.swift */,
				8EE073AE1DCE3121006F5A3C /* Assets.xcassets */,
				8EE073B01DCE3121006F5A3C /* LaunchScreen.storyboard */,
				8EE073B31DCE3121006F5A3C /* Info.plist */,
			);
			path = Project01;
			sourceTree = "<group>";
		};
		8EE073BB1DCE3121006F5A3C /* Project01Tests */ = {
			isa = PBXGroup;
			children = (
				8EE073BC1DCE3121006F5A3C /* Project01Tests.swift */,
				8EE073BE1DCE3121006F5A3C /* Info.plist */,
			);
			path = Project01Tests;
			sourceTree = "<group>";
		};
		8EE073C61DCE3121006F5A3C /* Project01UITests */ = {
			isa = PBXGroup;
			children = (
				8EE073C71DCE3121006F5A3C /* Project01UITests.swift */,
				8EE073C91DCE3121006F5A3C /* Info.plist */,
			);
			path = Project01UITests;
			sourceTree = "<group>";
		};
/* End PBXGroup section */

/* Begin PBXNativeTarget section */
		8EE073A31DCE3121006F5A3C /* kage */ = {
			isa = PBXNativeTarget;
			buildConfigurationList = 8EE073CC1DCE3121006F5A3C /* Build configuration list for PBXNativeTarget "kage" */;
			buildPhases = (
				8EE073A01DCE3121006F5A3C /* Sources */,
				8EE073A11DCE3121006F5A3C /* Frameworks */,
				8EE073A21DCE3121006F5A3C /* Resources */,
			);
			buildRules = (
			);
			dependencies = (
			);
			name = kage;
			productName = Project01;
			productReference = 8EE073A41DCE3121006F5A3C /* kage.app */;
			productType = "com.apple.product-type.application";
		};
		8EE073B71DCE3121006F5A3C /* kageTests */ = {
			isa = PBXNativeTarget;
			buildConfigurationList = 8EE073CF1DCE3121006F5A3C /* Build configuration list for PBXNativeTarget "kageTests" */;
			buildPhases = (
				8EE073B41DCE3121006F5A3C /* Sources */,
				8EE073B51DCE3121006F5A3C /* Frameworks */,
				8EE073B61DCE3121006F5A3C /* Resources */,
			);
			buildRules = (
			);
			dependencies = (
				8EE073BA1DCE3121006F5A3C /* PBXTargetDependency */,
			);
			name = kageTests;
			productName = Project01Tests;
			productReference = 8EE073B81DCE3121006F5A3C /* kageTests.xctest */;
			productType = "com.apple.product-type.bundle.unit-test";
		};
		8EE073C21DCE3121006F5A3C /* kageUITests */ = {
			isa = PBXNativeTarget;
			buildConfigurationList = 8EE073D21DCE3121006F5A3C /* Build configuration list for PBXNativeTarget "kageUITests" */;
			buildPhases = (
				8EE073BF1DCE3121006F5A3C /* Sources */,
				8EE073C01DCE3121006F5A3C /* Frameworks */,
				8EE073C11DCE3121006F5A3C /* Resources */,
			);
			buildRules = (
			);
			dependencies = (
				8EE073C51DCE3121006F5A3C /* PBXTargetDependency */,
			);
			name = kageUITests;
			productName = Project01UITests;
			productReference = 8EE073C31DCE3121006F5A3C /* kageUITests.xctest */;
			productType = "com.apple.product-type.bundle.ui-testing";
		};
/* End PBXNativeTarget section */

/* Begin PBXProject section */
		8EE0739C1DCE3121006F5A3C /* Project object */ = {
			isa = PBXProject;
			attributes = {
				LastSwiftUpdateCheck = 0800;
				LastUpgradeCheck = 0800;
				ORGANIZATIONNAME = "Yoonsie Kim";
				TargetAttributes = {
					8EE073A31DCE3121006F5A3C = {
						CreatedOnToolsVersion = 8.0;
						ProvisioningStyle = Automatic;
					};
					8EE073B71DCE3121006F5A3C = {
						CreatedOnToolsVersion = 8.0;
						ProvisioningStyle = Automatic;
						TestTargetID = 8EE073A31DCE3121006F5A3C;
					};
					8EE073C21DCE3121006F5A3C = {
						CreatedOnToolsVersion = 8.0;
						ProvisioningStyle = Automatic;
						TestTargetID = 8EE073A31DCE3121006F5A3C;
					};
				};
			};
			buildConfigurationList = 8EE0739F1DCE3121006F5A3C /* Build configuration list for PBXProject "kage" */;
			compatibilityVersion = "Xcode 3.2";
			developmentRegion = English;
			hasScannedForEncodings = 0;
			knownRegions = (
				en,
				Base,
				fr,
			);
			mainGroup = 8EE0739B1DCE3121006F5A3C;
			productRefGroup = 8EE073A51DCE3121006F5A3C /* Products */;
			projectDirPath = "";
			projectRoot = "";
			targets = (
				8EE073A31DCE3121006F5A3C /* kage */,
				8EE073B71DCE3121006F5A3C /* kageTests */,
				8EE073C21DCE3121006F5A3C /* kageUITests */,
			);
		};
/* End PBXProject section */

/* Begin PBXResourcesBuildPhase section */
		8EE073A21DCE3121006F5A3C /* Resources */ = {
			isa = PBXResourcesBuildPhase;
			buildActionMask = 2147483647;
			files = (
				8EE073B21DCE3121006F5A3C /* LaunchScreen.storyboard in Resources */,
				8E67C5F91DCFD8F300672C7A /* Localizable.strings in Resources */,
				8EE073AF1DCE3121006F5A3C /* Assets.xcassets in Resources */,
				8EE073AD1DCE3121006F5A3C /* Main.storyboard in Resources */,
			);
			runOnlyForDeploymentPostprocessing = 0;
		};
		8EE073B61DCE3121006F5A3C /* Resources */ = {
			isa = PBXResourcesBuildPhase;
			buildActionMask = 2147483647;
			files = (
			);
			runOnlyForDeploymentPostprocessing = 0;
		};
		8EE073C11DCE3121006F5A3C /* Resources */ = {
			isa = PBXResourcesBuildPhase;
			buildActionMask = 2147483647;
			files = (
			);
			runOnlyForDeploymentPostprocessing = 0;
		};
/* End PBXResourcesBuildPhase section */

/* Begin PBXSourcesBuildPhase section */
		8EE073A01DCE3121006F5A3C /* Sources */ = {
			isa = PBXSourcesBuildPhase;
			buildActionMask = 2147483647;
			files = (
				8E17DB121DCE866C002C906E /* Word.swift in Sources */,
				8ED9888B1DCF006A00EFCAA4 /* KanjiCharacter.swift in Sources */,
				8E17DB0E1DCE6C1A002C906E /* AnimationsViewController.swift in Sources */,
				8ED9888D1DCF00C700EFCAA4 /* KanjiHelper.swift in Sources */,
				8E17DB141DCE87C3002C906E /* WordCell.swift in Sources */,
				8ED988891DCEEECC00EFCAA4 /* DrawingViewController.swift in Sources */,
				8EE073A81DCE3121006F5A3C /* AppDelegate.swift in Sources */,
				8E17DB161DCE8842002C906E /* WordManager.swift in Sources */,
				8E17DB101DCE6C27002C906E /* WordTableViewController.swift in Sources */,
			);
			runOnlyForDeploymentPostprocessing = 0;
		};
		8EE073B41DCE3121006F5A3C /* Sources */ = {
			isa = PBXSourcesBuildPhase;
			buildActionMask = 2147483647;
			files = (
				8EE073BD1DCE3121006F5A3C /* Project01Tests.swift in Sources */,
			);
			runOnlyForDeploymentPostprocessing = 0;
		};
		8EE073BF1DCE3121006F5A3C /* Sources */ = {
			isa = PBXSourcesBuildPhase;
			buildActionMask = 2147483647;
			files = (
				8EE073C81DCE3121006F5A3C /* Project01UITests.swift in Sources */,
			);
			runOnlyForDeploymentPostprocessing = 0;
		};
/* End PBXSourcesBuildPhase section */

/* Begin PBXTargetDependency section */
		8EE073BA1DCE3121006F5A3C /* PBXTargetDependency */ = {
			isa = PBXTargetDependency;
			target = 8EE073A31DCE3121006F5A3C /* kage */;
			targetProxy = 8EE073B91DCE3121006F5A3C /* PBXContainerItemProxy */;
		};
		8EE073C51DCE3121006F5A3C /* PBXTargetDependency */ = {
			isa = PBXTargetDependency;
			target = 8EE073A31DCE3121006F5A3C /* kage */;
			targetProxy = 8EE073C41DCE3121006F5A3C /* PBXContainerItemProxy */;
		};
/* End PBXTargetDependency section */

/* Begin PBXVariantGroup section */
		8E67C5FB1DCFD8F300672C7A /* Localizable.strings */ = {
			isa = PBXVariantGroup;
			children = (
				8E67C5FA1DCFD8F300672C7A /* Base */,
				8E67C5FC1DCFD8F400672C7A /* en */,
				8E67C5FD1DCFD8F500672C7A /* fr */,
			);
			name = Localizable.strings;
			path = Project01;
			sourceTree = "<group>";
		};
		8EE073AB1DCE3121006F5A3C /* Main.storyboard */ = {
			isa = PBXVariantGroup;
			children = (
				8EE073AC1DCE3121006F5A3C /* Base */,
				8E67C5F51DCFD4CA00672C7A /* fr */,
			);
			name = Main.storyboard;
			sourceTree = "<group>";
		};
		8EE073B01DCE3121006F5A3C /* LaunchScreen.storyboard */ = {
			isa = PBXVariantGroup;
			children = (
				8EE073B11DCE3121006F5A3C /* Base */,
				8E67C5F61DCFD4CA00672C7A /* fr */,
			);
			name = LaunchScreen.storyboard;
			sourceTree = "<group>";
		};
/* End PBXVariantGroup section */

/* Begin XCBuildConfiguration section */
		8EE073CA1DCE3121006F5A3C /* Debug */ = {
			isa = XCBuildConfiguration;
			buildSettings = {
				ALWAYS_SEARCH_USER_PATHS = NO;
				CLANG_ANALYZER_LOCALIZABILITY_NONLOCALIZED = YES;
				CLANG_ANALYZER_NONNULL = YES;
				CLANG_CXX_LANGUAGE_STANDARD = "gnu++0x";
				CLANG_CXX_LIBRARY = "libc++";
				CLANG_ENABLE_MODULES = YES;
				CLANG_ENABLE_OBJC_ARC = YES;
				CLANG_WARN_BOOL_CONVERSION = YES;
				CLANG_WARN_CONSTANT_CONVERSION = YES;
				CLANG_WARN_DIRECT_OBJC_ISA_USAGE = YES_ERROR;
				CLANG_WARN_DOCUMENTATION_COMMENTS = YES;
				CLANG_WARN_EMPTY_BODY = YES;
				CLANG_WARN_ENUM_CONVERSION = YES;
				CLANG_WARN_INFINITE_RECURSION = YES;
				CLANG_WARN_INT_CONVERSION = YES;
				CLANG_WARN_OBJC_ROOT_CLASS = YES_ERROR;
				CLANG_WARN_SUSPICIOUS_MOVES = YES;
				CLANG_WARN_UNREACHABLE_CODE = YES;
				CLANG_WARN__DUPLICATE_METHOD_MATCH = YES;
				"CODE_SIGN_IDENTITY[sdk=iphoneos*]" = "iPhone Developer";
				COPY_PHASE_STRIP = NO;
				DEBUG_INFORMATION_FORMAT = dwarf;
				ENABLE_STRICT_OBJC_MSGSEND = YES;
				ENABLE_TESTABILITY = YES;
				GCC_C_LANGUAGE_STANDARD = gnu99;
				GCC_DYNAMIC_NO_PIC = NO;
				GCC_NO_COMMON_BLOCKS = YES;
				GCC_OPTIMIZATION_LEVEL = 0;
				GCC_PREPROCESSOR_DEFINITIONS = (
					"DEBUG=1",
					"$(inherited)",
				);
				GCC_WARN_64_TO_32_BIT_CONVERSION = YES;
				GCC_WARN_ABOUT_RETURN_TYPE = YES_ERROR;
				GCC_WARN_UNDECLARED_SELECTOR = YES;
				GCC_WARN_UNINITIALIZED_AUTOS = YES_AGGRESSIVE;
				GCC_WARN_UNUSED_FUNCTION = YES;
				GCC_WARN_UNUSED_VARIABLE = YES;
				IPHONEOS_DEPLOYMENT_TARGET = 10.0;
				MTL_ENABLE_DEBUG_INFO = YES;
				ONLY_ACTIVE_ARCH = YES;
				SDKROOT = iphoneos;
				SWIFT_ACTIVE_COMPILATION_CONDITIONS = DEBUG;
				SWIFT_OPTIMIZATION_LEVEL = "-Onone";
				TARGETED_DEVICE_FAMILY = "1,2";
			};
			name = Debug;
		};
		8EE073CB1DCE3121006F5A3C /* Release */ = {
			isa = XCBuildConfiguration;
			buildSettings = {
				ALWAYS_SEARCH_USER_PATHS = NO;
				CLANG_ANALYZER_LOCALIZABILITY_NONLOCALIZED = YES;
				CLANG_ANALYZER_NONNULL = YES;
				CLANG_CXX_LANGUAGE_STANDARD = "gnu++0x";
				CLANG_CXX_LIBRARY = "libc++";
				CLANG_ENABLE_MODULES = YES;
				CLANG_ENABLE_OBJC_ARC = YES;
				CLANG_WARN_BOOL_CONVERSION = YES;
				CLANG_WARN_CONSTANT_CONVERSION = YES;
				CLANG_WARN_DIRECT_OBJC_ISA_USAGE = YES_ERROR;
				CLANG_WARN_DOCUMENTATION_COMMENTS = YES;
				CLANG_WARN_EMPTY_BODY = YES;
				CLANG_WARN_ENUM_CONVERSION = YES;
				CLANG_WARN_INFINITE_RECURSION = YES;
				CLANG_WARN_INT_CONVERSION = YES;
				CLANG_WARN_OBJC_ROOT_CLASS = YES_ERROR;
				CLANG_WARN_SUSPICIOUS_MOVES = YES;
				CLANG_WARN_UNREACHABLE_CODE = YES;
				CLANG_WARN__DUPLICATE_METHOD_MATCH = YES;
				"CODE_SIGN_IDENTITY[sdk=iphoneos*]" = "iPhone Developer";
				COPY_PHASE_STRIP = NO;
				DEBUG_INFORMATION_FORMAT = "dwarf-with-dsym";
				ENABLE_NS_ASSERTIONS = NO;
				ENABLE_STRICT_OBJC_MSGSEND = YES;
				GCC_C_LANGUAGE_STANDARD = gnu99;
				GCC_NO_COMMON_BLOCKS = YES;
				GCC_WARN_64_TO_32_BIT_CONVERSION = YES;
				GCC_WARN_ABOUT_RETURN_TYPE = YES_ERROR;
				GCC_WARN_UNDECLARED_SELECTOR = YES;
				GCC_WARN_UNINITIALIZED_AUTOS = YES_AGGRESSIVE;
				GCC_WARN_UNUSED_FUNCTION = YES;
				GCC_WARN_UNUSED_VARIABLE = YES;
				IPHONEOS_DEPLOYMENT_TARGET = 10.0;
				MTL_ENABLE_DEBUG_INFO = NO;
				SDKROOT = iphoneos;
				SWIFT_OPTIMIZATION_LEVEL = "-Owholemodule";
				TARGETED_DEVICE_FAMILY = "1,2";
				VALIDATE_PRODUCT = YES;
			};
			name = Release;
		};
		8EE073CD1DCE3121006F5A3C /* Debug */ = {
			isa = XCBuildConfiguration;
			buildSettings = {
				ASSETCATALOG_COMPILER_APPICON_NAME = AppIcon;
				INFOPLIST_FILE = Project01/Info.plist;
				LD_RUNPATH_SEARCH_PATHS = "$(inherited) @executable_path/Frameworks";
				PRODUCT_BUNDLE_IDENTIFIER = CSC214.Project01;
				PRODUCT_NAME = "$(TARGET_NAME)";
				SWIFT_VERSION = 3.0;
			};
			name = Debug;
		};
		8EE073CE1DCE3121006F5A3C /* Release */ = {
			isa = XCBuildConfiguration;
			buildSettings = {
				ASSETCATALOG_COMPILER_APPICON_NAME = AppIcon;
				INFOPLIST_FILE = Project01/Info.plist;
				LD_RUNPATH_SEARCH_PATHS = "$(inherited) @executable_path/Frameworks";
				PRODUCT_BUNDLE_IDENTIFIER = CSC214.Project01;
				PRODUCT_NAME = "$(TARGET_NAME)";
				SWIFT_VERSION = 3.0;
			};
			name = Release;
		};
		8EE073D01DCE3121006F5A3C /* Debug */ = {
			isa = XCBuildConfiguration;
			buildSettings = {
				ALWAYS_EMBED_SWIFT_STANDARD_LIBRARIES = YES;
				BUNDLE_LOADER = "$(TEST_HOST)";
				INFOPLIST_FILE = Project01Tests/Info.plist;
				LD_RUNPATH_SEARCH_PATHS = "$(inherited) @executable_path/Frameworks @loader_path/Frameworks";
				PRODUCT_BUNDLE_IDENTIFIER = CSC214.Project01Tests;
				PRODUCT_NAME = "$(TARGET_NAME)";
				SWIFT_VERSION = 3.0;
				TEST_HOST = "$(BUILT_PRODUCTS_DIR)/kage.app/kage";
			};
			name = Debug;
		};
		8EE073D11DCE3121006F5A3C /* Release */ = {
			isa = XCBuildConfiguration;
			buildSettings = {
				ALWAYS_EMBED_SWIFT_STANDARD_LIBRARIES = YES;
				BUNDLE_LOADER = "$(TEST_HOST)";
				INFOPLIST_FILE = Project01Tests/Info.plist;
				LD_RUNPATH_SEARCH_PATHS = "$(inherited) @executable_path/Frameworks @loader_path/Frameworks";
				PRODUCT_BUNDLE_IDENTIFIER = CSC214.Project01Tests;
				PRODUCT_NAME = "$(TARGET_NAME)";
				SWIFT_VERSION = 3.0;
				TEST_HOST = "$(BUILT_PRODUCTS_DIR)/kage.app/kage";
			};
			name = Release;
		};
		8EE073D31DCE3121006F5A3C /* Debug */ = {
			isa = XCBuildConfiguration;
			buildSettings = {
				ALWAYS_EMBED_SWIFT_STANDARD_LIBRARIES = YES;
				INFOPLIST_FILE = Project01UITests/Info.plist;
				LD_RUNPATH_SEARCH_PATHS = "$(inherited) @executable_path/Frameworks @loader_path/Frameworks";
				PRODUCT_BUNDLE_IDENTIFIER = CSC214.Project01UITests;
				PRODUCT_NAME = "$(TARGET_NAME)";
				SWIFT_VERSION = 3.0;
				TEST_TARGET_NAME = Project01;
			};
			name = Debug;
		};
		8EE073D41DCE3121006F5A3C /* Release */ = {
			isa = XCBuildConfiguration;
			buildSettings = {
				ALWAYS_EMBED_SWIFT_STANDARD_LIBRARIES = YES;
				INFOPLIST_FILE = Project01UITests/Info.plist;
				LD_RUNPATH_SEARCH_PATHS = "$(inherited) @executable_path/Frameworks @loader_path/Frameworks";
				PRODUCT_BUNDLE_IDENTIFIER = CSC214.Project01UITests;
				PRODUCT_NAME = "$(TARGET_NAME)";
				SWIFT_VERSION = 3.0;
				TEST_TARGET_NAME = Project01;
			};
			name = Release;
		};
/* End XCBuildConfiguration section */

/* Begin XCConfigurationList section */
		8EE0739F1DCE3121006F5A3C /* Build configuration list for PBXProject "kage" */ = {
			isa = XCConfigurationList;
			buildConfigurations = (
				8EE073CA1DCE3121006F5A3C /* Debug */,
				8EE073CB1DCE3121006F5A3C /* Release */,
			);
			defaultConfigurationIsVisible = 0;
			defaultConfigurationName = Release;
		};
		8EE073CC1DCE3121006F5A3C /* Build configuration list for PBXNativeTarget "kage" */ = {
			isa = XCConfigurationList;
			buildConfigurations = (
				8EE073CD1DCE3121006F5A3C /* Debug */,
				8EE073CE1DCE3121006F5A3C /* Release */,
			);
			defaultConfigurationIsVisible = 0;
			defaultConfigurationName = Release;
		};
		8EE073CF1DCE3121006F5A3C /* Build configuration list for PBXNativeTarget "kageTests" */ = {
			isa = XCConfigurationList;
			buildConfigurations = (
				8EE073D01DCE3121006F5A3C /* Debug */,
				8EE073D11DCE3121006F5A3C /* Release */,
			);
			defaultConfigurationIsVisible = 0;
			defaultConfigurationName = Release;
		};
		8EE073D21DCE3121006F5A3C /* Build configuration list for PBXNativeTarget "kageUITests" */ = {
			isa = XCConfigurationList;
			buildConfigurations = (
				8EE073D31DCE3121006F5A3C /* Debug */,
				8EE073D41DCE3121006F5A3C /* Release */,
			);
			defaultConfigurationIsVisible = 0;
			defaultConfigurationName = Release;
		};
/* End XCConfigurationList section */
	};
	rootObject = 8EE0739C1DCE3121006F5A3C /* Project object */;
}
